
Microsoft Visual Studio Solution File, Format Version 12.00
# Visual Studio Version 17
VisualStudioVersion = 17.14.36518.9 d17.14
MinimumVisualStudioVersion = 10.0.40219.1
Project("{FAE04EC0-301F-11D3-BF4B-00C04F79EFBC}") = "TimetablePlanner.UI", "TimetablePlanner.UI\TimetablePlanner.UI.csproj", "{34E709AB-1633-42B7-ADB1-656502291925}"
EndProject
Project("{FAE04EC0-301F-11D3-BF4B-00C04F79EFBC}") = "TimetablePlanner.Core", "TimetablePlanner.Core\TimetablePlanner.Core.csproj", "{F5FC2C1A-3E5A-4A4D-8B13-F1D08D5F2F13}"
EndProject
Project("{FAE04EC0-301F-11D3-BF4B-00C04F79EFBC}") = "TimetablePlanner.Data", "TimetablePlanner.Data\TimetablePlanner.Data.csproj", "{9BD24495-143A-422B-92D0-26D5C2C15AC5}"
EndProject
Global
	GlobalSection(SolutionConfigurationPlatforms) = preSolution
		Debug|Any CPU = Debug|Any CPU
		Release|Any CPU = Release|Any CPU
	EndGlobalSection
	GlobalSection(ProjectConfigurationPlatforms) = postSolution
		{34E709AB-1633-42B7-ADB1-656502291925}.Debug|Any CPU.ActiveCfg = Debug|Any CPU
		{34E709AB-1633-42B7-ADB1-656502291925}.Debug|Any CPU.Build.0 = Debug|Any CPU
		{34E709AB-1633-42B7-ADB1-656502291925}.Release|Any CPU.ActiveCfg = Release|Any CPU
		{34E709AB-1633-42B7-ADB1-656502291925}.Release|Any CPU.Build.0 = Release|Any CPU
		{F5FC2C1A-3E5A-4A4D-8B13-F1D08D5F2F13}.Debug|Any CPU.ActiveCfg = Debug|Any CPU
		{F5FC2C1A-3E5A-4A4D-8B13-F1D08D5F2F13}.Debug|Any CPU.Build.0 = Debug|Any CPU
		{F5FC2C1A-3E5A-4A4D-8B13-F1D08D5F2F13}.Release|Any CPU.ActiveCfg = Release|Any CPU
		{F5FC2C1A-3E5A-4A4D-8B13-F1D08D5F2F13}.Release|Any CPU.Build.0 = Release|Any CPU
		{9BD24495-143A-422B-92D0-26D5C2C15AC5}.Debug|Any CPU.ActiveCfg = Debug|Any CPU
		{9BD24495-143A-422B-92D0-26D5C2C15AC5}.Debug|Any CPU.Build.0 = Debug|Any CPU
		{9BD24495-143A-422B-92D0-26D5C2C15AC5}.Release|Any CPU.ActiveCfg = Release|Any CPU
		{9BD24495-143A-422B-92D0-26D5C2C15AC5}.Release|Any CPU.Build.0 = Release|Any CPU
	EndGlobalSection
	GlobalSection(SolutionProperties) = preSolution
		HideSolutionNode = FALSE
	EndGlobalSection
	GlobalSection(ExtensibilityGlobals) = postSolution
		SolutionGuid = {18670960-C8B1-4795-B38A-1F5831D0833B}
	EndGlobalSection
EndGlobal
